PODS:
  - Bolts (1.7.0):
    - Bolts/AppLinks (= 1.7.0)
    - Bolts/Tasks (= 1.7.0)
  - Bolts/AppLinks (1.7.0):
    - Bolts/Tasks
  - Bolts/Tasks (1.7.0)
  - FBSDKCoreKit (4.10.1):
    - Bolts (~> 1.5)
  - FBSDKShareKit (4.10.1):
    - FBSDKCoreKit
  - MGSwipeTableCell (1.3.5)

DEPENDENCIES:
  - FBSDKShareKit
  - MGSwipeTableCell (~> 1.3.5)

SPEC CHECKSUMS:
  Bolts: a0058fa3b331c5a1e4402d534f2dae36dbff31e4
  FBSDKCoreKit: d2aaed5e9ab7d8d6301c533376a1fbff1cf3deb5
  FBSDKShareKit: 2fd887cce0056bdda91f99b2021d724a4fed8e88
  MGSwipeTableCell: 2799fb67e8a74ea89eeb33eafbffaf3fef7b4e4e

COCOAPODS: 0.39.0
